
Microsoft Visual Studio Solution File, Format Version 12.00
# Visual Studio Version 17
VisualStudioVersion = 17.5.002.0
MinimumVisualStudioVersion = 10.0.40219.1
Project("{2150E333-8FDC-42A3-9474-1A3956D46DE8}") = "apps", "apps", "{57D690FF-7152-48FD-B886-8E1E25CD313F}"
EndProject
Project("{9A19103F-16F7-4668-BE54-9A1E7A4F7556}") = "CEventService.API", "apps\CEventService.API\CEventService.API.csproj", "{B8E80081-9BAD-416F-99BA-0E52702E0519}"
EndProject
Global
	GlobalSection(SolutionConfigurationPlatforms) = preSolution
		Debug|Any CPU = Debug|Any CPU
		Release|Any CPU = Release|Any CPU
	EndGlobalSection
	GlobalSection(ProjectConfigurationPlatforms) = postSolution
		{B8E80081-9BAD-416F-99BA-0E52702E0519}.Debug|Any CPU.ActiveCfg = Debug|Any CPU
		{B8E80081-9BAD-416F-99BA-0E52702E0519}.Debug|Any CPU.Build.0 = Debug|Any CPU
		{B8E80081-9BAD-416F-99BA-0E52702E0519}.Release|Any CPU.ActiveCfg = Release|Any CPU
		{B8E80081-9BAD-416F-99BA-0E52702E0519}.Release|Any CPU.Build.0 = Release|Any CPU
	EndGlobalSection
	GlobalSection(SolutionProperties) = preSolution
		HideSolutionNode = FALSE
	EndGlobalSection
	GlobalSection(NestedProjects) = preSolution
		{B8E80081-9BAD-416F-99BA-0E52702E0519} = {57D690FF-7152-48FD-B886-8E1E25CD313F}
	EndGlobalSection
	GlobalSection(ExtensibilityGlobals) = postSolution
		SolutionGuid = {A14C50A1-53C4-4D8F-9808-D87103EBB9FA}
	EndGlobalSection
EndGlobal
