
Microsoft Visual Studio Solution File, Format Version 12.00
# Visual Studio Version 17
VisualStudioVersion = 17.5.002.0
MinimumVisualStudioVersion = 10.0.40219.1
Project("{2150E333-8FDC-42A3-9474-1A3956D46DE8}") = "apps", "apps", "{6180BFFA-4F3B-4EBD-95F6-34F7E8905FF2}"
EndProject
Project("{9A19103F-16F7-4668-BE54-9A1E7A4F7556}") = "CEventService.API", "apps\CEventService.API\CEventService.API.csproj", "{54A88B7C-2565-46E4-B95B-11B64AAFD4F8}"
EndProject
Global
	GlobalSection(SolutionConfigurationPlatforms) = preSolution
		Debug|Any CPU = Debug|Any CPU
		Release|Any CPU = Release|Any CPU
	EndGlobalSection
	GlobalSection(ProjectConfigurationPlatforms) = postSolution
		{54A88B7C-2565-46E4-B95B-11B64AAFD4F8}.Debug|Any CPU.ActiveCfg = Debug|Any CPU
		{54A88B7C-2565-46E4-B95B-11B64AAFD4F8}.Debug|Any CPU.Build.0 = Debug|Any CPU
		{54A88B7C-2565-46E4-B95B-11B64AAFD4F8}.Release|Any CPU.ActiveCfg = Release|Any CPU
		{54A88B7C-2565-46E4-B95B-11B64AAFD4F8}.Release|Any CPU.Build.0 = Release|Any CPU
	EndGlobalSection
	GlobalSection(SolutionProperties) = preSolution
		HideSolutionNode = FALSE
	EndGlobalSection
	GlobalSection(NestedProjects) = preSolution
		{54A88B7C-2565-46E4-B95B-11B64AAFD4F8} = {6180BFFA-4F3B-4EBD-95F6-34F7E8905FF2}
	EndGlobalSection
	GlobalSection(ExtensibilityGlobals) = postSolution
		SolutionGuid = {634D0C3E-B0E9-41C7-8AEE-561567FFEEC2}
	EndGlobalSection
EndGlobal
