
Microsoft Visual Studio Solution File, Format Version 12.00
# Visual Studio Version 17
VisualStudioVersion = 17.5.002.0
MinimumVisualStudioVersion = 10.0.40219.1
Project("{9A19103F-16F7-4668-BE54-9A1E7A4F7556}") = "KeycloakWebApi", "KeycloakWebApi.csproj", "{F238D13F-5173-4049-A8FA-7FA83FE6F2A3}"
EndProject
Global
	GlobalSection(SolutionConfigurationPlatforms) = preSolution
		Debug|Any CPU = Debug|Any CPU
		Release|Any CPU = Release|Any CPU
	EndGlobalSection
	GlobalSection(ProjectConfigurationPlatforms) = postSolution
		{F238D13F-5173-4049-A8FA-7FA83FE6F2A3}.Debug|Any CPU.ActiveCfg = Debug|Any CPU
		{F238D13F-5173-4049-A8FA-7FA83FE6F2A3}.Debug|Any CPU.Build.0 = Debug|Any CPU
		{F238D13F-5173-4049-A8FA-7FA83FE6F2A3}.Release|Any CPU.ActiveCfg = Release|Any CPU
		{F238D13F-5173-4049-A8FA-7FA83FE6F2A3}.Release|Any CPU.Build.0 = Release|Any CPU
	EndGlobalSection
	GlobalSection(SolutionProperties) = preSolution
		HideSolutionNode = FALSE
	EndGlobalSection
	GlobalSection(ExtensibilityGlobals) = postSolution
		SolutionGuid = {DB13FA4E-6460-4EB6-BF67-71E0884B8819}
	EndGlobalSection
EndGlobal
